// !$*UTF8*$!
{
	archiveVersion = 1;
	classes = {
	};
	objectVersion = 55;
	objects = {

/* Begin PBXBuildFile section */
		235C893627F468160081CA52 /* Jurassic_DodgeApp.swift in Sources */ = {isa = PBXBuildFile; fileRef = 235C893527F468160081CA52 /* Jurassic_DodgeApp.swift */; };
		235C893827F468160081CA52 /* ContentView.swift in Sources */ = {isa = PBXBuildFile; fileRef = 235C893727F468160081CA52 /* ContentView.swift */; };
		235C893A27F468180081CA52 /* Assets.xcassets in Resources */ = {isa = PBXBuildFile; fileRef = 235C893927F468180081CA52 /* Assets.xcassets */; };
		235C893D27F468180081CA52 /* Preview Assets.xcassets in Resources */ = {isa = PBXBuildFile; fileRef = 235C893C27F468180081CA52 /* Preview Assets.xcassets */; };
		235C895E27F46A9F0081CA52 /* GameScene.swift in Sources */ = {isa = PBXBuildFile; fileRef = 235C895D27F46A9F0081CA52 /* GameScene.swift */; };
		23AF82C227F6E67400679CC5 /* Speedway.ttf in Resources */ = {isa = PBXBuildFile; fileRef = 23AF82C127F6E67400679CC5 /* Speedway.ttf */; };
		23AF82C427F6E69E00679CC5 /* Hawai.ttf in Resources */ = {isa = PBXBuildFile; fileRef = 23AF82C327F6E69E00679CC5 /* Hawai.ttf */; };
		23B6229127F6600D00649DAA /* GameOverScene.swift in Sources */ = {isa = PBXBuildFile; fileRef = 23B6229027F6600D00649DAA /* GameOverScene.swift */; };
		23B6229527F6695C00649DAA /* MenuView.swift in Sources */ = {isa = PBXBuildFile; fileRef = 23B6229427F6695C00649DAA /* MenuView.swift */; };
		23B8413127F4FEFA009FA6C2 /* PlayerClass.swift in Sources */ = {isa = PBXBuildFile; fileRef = 23B8412E27F4FEFA009FA6C2 /* PlayerClass.swift */; };
		23B8413227F4FEFA009FA6C2 /* PowerUpClass.swift in Sources */ = {isa = PBXBuildFile; fileRef = 23B8412F27F4FEFA009FA6C2 /* PowerUpClass.swift */; };
		23B8413327F4FEFA009FA6C2 /* MeteorClass.swift in Sources */ = {isa = PBXBuildFile; fileRef = 23B8413027F4FEFA009FA6C2 /* MeteorClass.swift */; };
		23B8413527F4FF10009FA6C2 /* Constants.swift in Sources */ = {isa = PBXBuildFile; fileRef = 23B8413427F4FF10009FA6C2 /* Constants.swift */; };
		23CEF1B927F4714B0020D57E /* GameLogic.swift in Sources */ = {isa = PBXBuildFile; fileRef = 23CEF1B727F4714B0020D57E /* GameLogic.swift */; };
		23CEF1BA27F4714B0020D57E /* GameScene.sks in Resources */ = {isa = PBXBuildFile; fileRef = 23CEF1B827F4714B0020D57E /* GameScene.sks */; };
		D2370D1427FDC11900CC4BDF /* Minecraft.ttf in Resources */ = {isa = PBXBuildFile; fileRef = D2370D1327FDC11900CC4BDF /* Minecraft.ttf */; };
		D2370D1627FDCE0E00CC4BDF /* armor.mp3 in Resources */ = {isa = PBXBuildFile; fileRef = D2370D1527FDCE0E00CC4BDF /* armor.mp3 */; };
		D2370D1827FDCE9B00CC4BDF /* meteor.wav in Resources */ = {isa = PBXBuildFile; fileRef = D2370D1727FDCE9B00CC4BDF /* meteor.wav */; };
		D2370D1A27FDCEB000CC4BDF /* roger-dead.wav in Resources */ = {isa = PBXBuildFile; fileRef = D2370D1927FDCEB000CC4BDF /* roger-dead.wav */; };
		D2370D1C27FDCEB800CC4BDF /* roger-hit.wav in Resources */ = {isa = PBXBuildFile; fileRef = D2370D1B27FDCEB800CC4BDF /* roger-hit.wav */; };
		D2370D1E27FDCEC100CC4BDF /* mango.wav in Resources */ = {isa = PBXBuildFile; fileRef = D2370D1D27FDCEC100CC4BDF /* mango.wav */; };
		D2370D2027FDCECC00CC4BDF /* health.wav in Resources */ = {isa = PBXBuildFile; fileRef = D2370D1F27FDCECC00CC4BDF /* health.wav */; };
/* End PBXBuildFile section */

/* Begin PBXFileReference section */
		235C893227F468160081CA52 /* Jurassic Dodge.app */ = {isa = PBXFileReference; explicitFileType = wrapper.application; includeInIndex = 0; path = "Jurassic Dodge.app"; sourceTree = BUILT_PRODUCTS_DIR; };
		235C893527F468160081CA52 /* Jurassic_DodgeApp.swift */ = {isa = PBXFileReference; lastKnownFileType = sourcecode.swift; path = Jurassic_DodgeApp.swift; sourceTree = "<group>"; };
		235C893727F468160081CA52 /* ContentView.swift */ = {isa = PBXFileReference; lastKnownFileType = sourcecode.swift; path = ContentView.swift; sourceTree = "<group>"; };
		235C893927F468180081CA52 /* Assets.xcassets */ = {isa = PBXFileReference; lastKnownFileType = folder.assetcatalog; path = Assets.xcassets; sourceTree = "<group>"; };
		235C893C27F468180081CA52 /* Preview Assets.xcassets */ = {isa = PBXFileReference; lastKnownFileType = folder.assetcatalog; path = "Preview Assets.xcassets"; sourceTree = "<group>"; };
		235C895D27F46A9F0081CA52 /* GameScene.swift */ = {isa = PBXFileReference; fileEncoding = 4; lastKnownFileType = sourcecode.swift; path = GameScene.swift; sourceTree = "<group>"; };
		23AF82C127F6E67400679CC5 /* Speedway.ttf */ = {isa = PBXFileReference; lastKnownFileType = file; path = Speedway.ttf; sourceTree = "<group>"; };
		23AF82C327F6E69E00679CC5 /* Hawai.ttf */ = {isa = PBXFileReference; lastKnownFileType = file; path = Hawai.ttf; sourceTree = "<group>"; };
		23AF82C627F6E6DB00679CC5 /* Jurassic-Dodge-Info.plist */ = {isa = PBXFileReference; lastKnownFileType = text.plist; path = "Jurassic-Dodge-Info.plist"; sourceTree = SOURCE_ROOT; };
		23B6229027F6600D00649DAA /* GameOverScene.swift */ = {isa = PBXFileReference; lastKnownFileType = sourcecode.swift; path = GameOverScene.swift; sourceTree = "<group>"; };
		23B6229427F6695C00649DAA /* MenuView.swift */ = {isa = PBXFileReference; lastKnownFileType = sourcecode.swift; path = MenuView.swift; sourceTree = "<group>"; };
		23B8412E27F4FEFA009FA6C2 /* PlayerClass.swift */ = {isa = PBXFileReference; lastKnownFileType = sourcecode.swift; path = PlayerClass.swift; sourceTree = "<group>"; };
		23B8412F27F4FEFA009FA6C2 /* PowerUpClass.swift */ = {isa = PBXFileReference; lastKnownFileType = sourcecode.swift; path = PowerUpClass.swift; sourceTree = "<group>"; };
		23B8413027F4FEFA009FA6C2 /* MeteorClass.swift */ = {isa = PBXFileReference; lastKnownFileType = sourcecode.swift; path = MeteorClass.swift; sourceTree = "<group>"; };
		23B8413427F4FF10009FA6C2 /* Constants.swift */ = {isa = PBXFileReference; lastKnownFileType = sourcecode.swift; path = Constants.swift; sourceTree = "<group>"; };
		23CEF1B727F4714B0020D57E /* GameLogic.swift */ = {isa = PBXFileReference; fileEncoding = 4; lastKnownFileType = sourcecode.swift; path = GameLogic.swift; sourceTree = "<group>"; };
		23CEF1B827F4714B0020D57E /* GameScene.sks */ = {isa = PBXFileReference; lastKnownFileType = file.sks; path = GameScene.sks; sourceTree = "<group>"; };
		D2370D1327FDC11900CC4BDF /* Minecraft.ttf */ = {isa = PBXFileReference; lastKnownFileType = file; path = Minecraft.ttf; sourceTree = "<group>"; };
		D2370D1527FDCE0E00CC4BDF /* armor.mp3 */ = {isa = PBXFileReference; lastKnownFileType = audio.mp3; path = armor.mp3; sourceTree = "<group>"; };
		D2370D1727FDCE9B00CC4BDF /* meteor.wav */ = {isa = PBXFileReference; lastKnownFileType = audio.wav; path = meteor.wav; sourceTree = "<group>"; };
		D2370D1927FDCEB000CC4BDF /* roger-dead.wav */ = {isa = PBXFileReference; lastKnownFileType = audio.wav; path = "roger-dead.wav"; sourceTree = "<group>"; };
		D2370D1B27FDCEB800CC4BDF /* roger-hit.wav */ = {isa = PBXFileReference; lastKnownFileType = audio.wav; path = "roger-hit.wav"; sourceTree = "<group>"; };
		D2370D1D27FDCEC100CC4BDF /* mango.wav */ = {isa = PBXFileReference; lastKnownFileType = audio.wav; path = mango.wav; sourceTree = "<group>"; };
		D2370D1F27FDCECC00CC4BDF /* health.wav */ = {isa = PBXFileReference; lastKnownFileType = audio.wav; path = health.wav; sourceTree = "<group>"; };
/* End PBXFileReference section */

/* Begin PBXFrameworksBuildPhase section */
		235C892F27F468160081CA52 /* Frameworks */ = {
			isa = PBXFrameworksBuildPhase;
			buildActionMask = 2147483647;
			files = (
			);
			runOnlyForDeploymentPostprocessing = 0;
		};
/* End PBXFrameworksBuildPhase section */

/* Begin PBXGroup section */
		235C892927F468160081CA52 = {
			isa = PBXGroup;
			children = (
				235C893427F468160081CA52 /* Jurassic Dodge */,
				235C893327F468160081CA52 /* Products */,
			);
			sourceTree = "<group>";
		};
		235C893327F468160081CA52 /* Products */ = {
			isa = PBXGroup;
			children = (
				235C893227F468160081CA52 /* Jurassic Dodge.app */,
			);
			name = Products;
			sourceTree = "<group>";
		};
		235C893427F468160081CA52 /* Jurassic Dodge */ = {
			isa = PBXGroup;
			children = (
				23AF82C627F6E6DB00679CC5 /* Jurassic-Dodge-Info.plist */,
				235C893527F468160081CA52 /* Jurassic_DodgeApp.swift */,
				235C893727F468160081CA52 /* ContentView.swift */,
				23B6229427F6695C00649DAA /* MenuView.swift */,
				23AF82C527F6E6A100679CC5 /* Fonts */,
				D2370D2127FDCED700CC4BDF /* Audio */,
				23B8412D27F4FEDB009FA6C2 /* Game elements */,
				23CEF1B827F4714B0020D57E /* GameScene.sks */,
				235C893927F468180081CA52 /* Assets.xcassets */,
				235C893B27F468180081CA52 /* Preview Content */,
			);
			path = "Jurassic Dodge";
			sourceTree = "<group>";
		};
		235C893B27F468180081CA52 /* Preview Content */ = {
			isa = PBXGroup;
			children = (
				235C893C27F468180081CA52 /* Preview Assets.xcassets */,
			);
			path = "Preview Content";
			sourceTree = "<group>";
		};
		23AF82C527F6E6A100679CC5 /* Fonts */ = {
			isa = PBXGroup;
			children = (
				D2370D1327FDC11900CC4BDF /* Minecraft.ttf */,
				23AF82C127F6E67400679CC5 /* Speedway.ttf */,
				23AF82C327F6E69E00679CC5 /* Hawai.ttf */,
			);
			path = Fonts;
			sourceTree = "<group>";
		};
		23B8412D27F4FEDB009FA6C2 /* Game elements */ = {
			isa = PBXGroup;
			children = (
				23B8413727F4FF29009FA6C2 /* Supporting Files */,
				23CEF1B727F4714B0020D57E /* GameLogic.swift */,
				235C895D27F46A9F0081CA52 /* GameScene.swift */,
				23B6229027F6600D00649DAA /* GameOverScene.swift */,
				23B8413627F4FF17009FA6C2 /* Classes */,
			);
			path = "Game elements";
			sourceTree = "<group>";
		};
		23B8413627F4FF17009FA6C2 /* Classes */ = {
			isa = PBXGroup;
			children = (
				23B8413027F4FEFA009FA6C2 /* MeteorClass.swift */,
				23B8412E27F4FEFA009FA6C2 /* PlayerClass.swift */,
				23B8412F27F4FEFA009FA6C2 /* PowerUpClass.swift */,
			);
			path = Classes;
			sourceTree = "<group>";
		};
		23B8413727F4FF29009FA6C2 /* Supporting Files */ = {
			isa = PBXGroup;
			children = (
				23B8413427F4FF10009FA6C2 /* Constants.swift */,
			);
			path = "Supporting Files";
			sourceTree = "<group>";
		};
		D2370D2127FDCED700CC4BDF /* Audio */ = {
			isa = PBXGroup;
			children = (
				D2370D1527FDCE0E00CC4BDF /* armor.mp3 */,
				D2370D1F27FDCECC00CC4BDF /* health.wav */,
				D2370D1D27FDCEC100CC4BDF /* mango.wav */,
				D2370D1727FDCE9B00CC4BDF /* meteor.wav */,
				D2370D1927FDCEB000CC4BDF /* roger-dead.wav */,
				D2370D1B27FDCEB800CC4BDF /* roger-hit.wav */,
			);
			path = Audio;
			sourceTree = "<group>";
		};
/* End PBXGroup section */

/* Begin PBXNativeTarget section */
		235C893127F468160081CA52 /* Jurassic Dodge */ = {
			isa = PBXNativeTarget;
			buildConfigurationList = 235C894027F468180081CA52 /* Build configuration list for PBXNativeTarget "Jurassic Dodge" */;
			buildPhases = (
				235C892E27F468160081CA52 /* Sources */,
				235C892F27F468160081CA52 /* Frameworks */,
				235C893027F468160081CA52 /* Resources */,
			);
			buildRules = (
			);
			dependencies = (
			);
			name = "Jurassic Dodge";
			productName = "Jurassic Dodge";
			productReference = 235C893227F468160081CA52 /* Jurassic Dodge.app */;
			productType = "com.apple.product-type.application";
		};
/* End PBXNativeTarget section */

/* Begin PBXProject section */
		235C892A27F468160081CA52 /* Project object */ = {
			isa = PBXProject;
			attributes = {
				BuildIndependentTargetsInParallel = 1;
				LastSwiftUpdateCheck = 1330;
				LastUpgradeCheck = 1330;
				TargetAttributes = {
					235C893127F468160081CA52 = {
						CreatedOnToolsVersion = 13.3;
					};
				};
			};
			buildConfigurationList = 235C892D27F468160081CA52 /* Build configuration list for PBXProject "Jurassic Dodge" */;
			compatibilityVersion = "Xcode 13.0";
			developmentRegion = en;
			hasScannedForEncodings = 0;
			knownRegions = (
				en,
				Base,
			);
			mainGroup = 235C892927F468160081CA52;
			productRefGroup = 235C893327F468160081CA52 /* Products */;
			projectDirPath = "";
			projectRoot = "";
			targets = (
				235C893127F468160081CA52 /* Jurassic Dodge */,
			);
		};
/* End PBXProject section */

/* Begin PBXResourcesBuildPhase section */
		235C893027F468160081CA52 /* Resources */ = {
			isa = PBXResourcesBuildPhase;
			buildActionMask = 2147483647;
			files = (
				D2370D1427FDC11900CC4BDF /* Minecraft.ttf in Resources */,
				D2370D2027FDCECC00CC4BDF /* health.wav in Resources */,
				D2370D1E27FDCEC100CC4BDF /* mango.wav in Resources */,
				235C893D27F468180081CA52 /* Preview Assets.xcassets in Resources */,
				D2370D1C27FDCEB800CC4BDF /* roger-hit.wav in Resources */,
				D2370D1A27FDCEB000CC4BDF /* roger-dead.wav in Resources */,
				D2370D1827FDCE9B00CC4BDF /* meteor.wav in Resources */,
				23CEF1BA27F4714B0020D57E /* GameScene.sks in Resources */,
				23AF82C227F6E67400679CC5 /* Speedway.ttf in Resources */,
				23AF82C427F6E69E00679CC5 /* Hawai.ttf in Resources */,
				235C893A27F468180081CA52 /* Assets.xcassets in Resources */,
				D2370D1627FDCE0E00CC4BDF /* armor.mp3 in Resources */,
			);
			runOnlyForDeploymentPostprocessing = 0;
		};
/* End PBXResourcesBuildPhase section */

/* Begin PBXSourcesBuildPhase section */
		235C892E27F468160081CA52 /* Sources */ = {
			isa = PBXSourcesBuildPhase;
			buildActionMask = 2147483647;
			files = (
				235C895E27F46A9F0081CA52 /* GameScene.swift in Sources */,
				23B8413227F4FEFA009FA6C2 /* PowerUpClass.swift in Sources */,
				235C893827F468160081CA52 /* ContentView.swift in Sources */,
				23CEF1B927F4714B0020D57E /* GameLogic.swift in Sources */,
				23B8413127F4FEFA009FA6C2 /* PlayerClass.swift in Sources */,
				23B6229527F6695C00649DAA /* MenuView.swift in Sources */,
				235C893627F468160081CA52 /* Jurassic_DodgeApp.swift in Sources */,
				23B8413327F4FEFA009FA6C2 /* MeteorClass.swift in Sources */,
				23B6229127F6600D00649DAA /* GameOverScene.swift in Sources */,
				23B8413527F4FF10009FA6C2 /* Constants.swift in Sources */,
			);
			runOnlyForDeploymentPostprocessing = 0;
		};
/* End PBXSourcesBuildPhase section */

/* Begin XCBuildConfiguration section */
		235C893E27F468180081CA52 /* Debug */ = {
			isa = XCBuildConfiguration;
			buildSettings = {
				ALWAYS_SEARCH_USER_PATHS = NO;
				CLANG_ANALYZER_NONNULL = YES;
				CLANG_ANALYZER_NUMBER_OBJECT_CONVERSION = YES_AGGRESSIVE;
				CLANG_CXX_LANGUAGE_STANDARD = "gnu++17";
				CLANG_ENABLE_MODULES = YES;
				CLANG_ENABLE_OBJC_ARC = YES;
				CLANG_ENABLE_OBJC_WEAK = YES;
				CLANG_WARN_BLOCK_CAPTURE_AUTORELEASING = YES;
				CLANG_WARN_BOOL_CONVERSION = YES;
				CLANG_WARN_COMMA = YES;
				CLANG_WARN_CONSTANT_CONVERSION = YES;
				CLANG_WARN_DEPRECATED_OBJC_IMPLEMENTATIONS = YES;
				CLANG_WARN_DIRECT_OBJC_ISA_USAGE = YES_ERROR;
				CLANG_WARN_DOCUMENTATION_COMMENTS = YES;
				CLANG_WARN_EMPTY_BODY = YES;
				CLANG_WARN_ENUM_CONVERSION = YES;
				CLANG_WARN_INFINITE_RECURSION = YES;
				CLANG_WARN_INT_CONVERSION = YES;
				CLANG_WARN_NON_LITERAL_NULL_CONVERSION = YES;
				CLANG_WARN_OBJC_IMPLICIT_RETAIN_SELF = YES;
				CLANG_WARN_OBJC_LITERAL_CONVERSION = YES;
				CLANG_WARN_OBJC_ROOT_CLASS = YES_ERROR;
				CLANG_WARN_QUOTED_INCLUDE_IN_FRAMEWORK_HEADER = YES;
				CLANG_WARN_RANGE_LOOP_ANALYSIS = YES;
				CLANG_WARN_STRICT_PROTOTYPES = YES;
				CLANG_WARN_SUSPICIOUS_MOVE = YES;
				CLANG_WARN_UNGUARDED_AVAILABILITY = YES_AGGRESSIVE;
				CLANG_WARN_UNREACHABLE_CODE = YES;
				CLANG_WARN__DUPLICATE_METHOD_MATCH = YES;
				COPY_PHASE_STRIP = NO;
				DEBUG_INFORMATION_FORMAT = dwarf;
				ENABLE_STRICT_OBJC_MSGSEND = YES;
				ENABLE_TESTABILITY = YES;
				GCC_C_LANGUAGE_STANDARD = gnu11;
				GCC_DYNAMIC_NO_PIC = NO;
				GCC_NO_COMMON_BLOCKS = YES;
				GCC_OPTIMIZATION_LEVEL = 0;
				GCC_PREPROCESSOR_DEFINITIONS = (
					"DEBUG=1",
					"$(inherited)",
				);
				GCC_WARN_64_TO_32_BIT_CONVERSION = YES;
				GCC_WARN_ABOUT_RETURN_TYPE = YES_ERROR;
				GCC_WARN_UNDECLARED_SELECTOR = YES;
				GCC_WARN_UNINITIALIZED_AUTOS = YES_AGGRESSIVE;
				GCC_WARN_UNUSED_FUNCTION = YES;
				GCC_WARN_UNUSED_VARIABLE = YES;
				IPHONEOS_DEPLOYMENT_TARGET = 15.4;
				MTL_ENABLE_DEBUG_INFO = INCLUDE_SOURCE;
				MTL_FAST_MATH = YES;
				ONLY_ACTIVE_ARCH = YES;
				SDKROOT = iphoneos;
				SWIFT_ACTIVE_COMPILATION_CONDITIONS = DEBUG;
				SWIFT_OPTIMIZATION_LEVEL = "-Onone";
			};
			name = Debug;
		};
		235C893F27F468180081CA52 /* Release */ = {
			isa = XCBuildConfiguration;
			buildSettings = {
				ALWAYS_SEARCH_USER_PATHS = NO;
				CLANG_ANALYZER_NONNULL = YES;
				CLANG_ANALYZER_NUMBER_OBJECT_CONVERSION = YES_AGGRESSIVE;
				CLANG_CXX_LANGUAGE_STANDARD = "gnu++17";
				CLANG_ENABLE_MODULES = YES;
				CLANG_ENABLE_OBJC_ARC = YES;
				CLANG_ENABLE_OBJC_WEAK = YES;
				CLANG_WARN_BLOCK_CAPTURE_AUTORELEASING = YES;
				CLANG_WARN_BOOL_CONVERSION = YES;
				CLANG_WARN_COMMA = YES;
				CLANG_WARN_CONSTANT_CONVERSION = YES;
				CLANG_WARN_DEPRECATED_OBJC_IMPLEMENTATIONS = YES;
				CLANG_WARN_DIRECT_OBJC_ISA_USAGE = YES_ERROR;
				CLANG_WARN_DOCUMENTATION_COMMENTS = YES;
				CLANG_WARN_EMPTY_BODY = YES;
				CLANG_WARN_ENUM_CONVERSION = YES;
				CLANG_WARN_INFINITE_RECURSION = YES;
				CLANG_WARN_INT_CONVERSION = YES;
				CLANG_WARN_NON_LITERAL_NULL_CONVERSION = YES;
				CLANG_WARN_OBJC_IMPLICIT_RETAIN_SELF = YES;
				CLANG_WARN_OBJC_LITERAL_CONVERSION = YES;
				CLANG_WARN_OBJC_ROOT_CLASS = YES_ERROR;
				CLANG_WARN_QUOTED_INCLUDE_IN_FRAMEWORK_HEADER = YES;
				CLANG_WARN_RANGE_LOOP_ANALYSIS = YES;
				CLANG_WARN_STRICT_PROTOTYPES = YES;
				CLANG_WARN_SUSPICIOUS_MOVE = YES;
				CLANG_WARN_UNGUARDED_AVAILABILITY = YES_AGGRESSIVE;
				CLANG_WARN_UNREACHABLE_CODE = YES;
				CLANG_WARN__DUPLICATE_METHOD_MATCH = YES;
				COPY_PHASE_STRIP = NO;
				DEBUG_INFORMATION_FORMAT = "dwarf-with-dsym";
				ENABLE_NS_ASSERTIONS = NO;
				ENABLE_STRICT_OBJC_MSGSEND = YES;
				GCC_C_LANGUAGE_STANDARD = gnu11;
				GCC_NO_COMMON_BLOCKS = YES;
				GCC_WARN_64_TO_32_BIT_CONVERSION = YES;
				GCC_WARN_ABOUT_RETURN_TYPE = YES_ERROR;
				GCC_WARN_UNDECLARED_SELECTOR = YES;
				GCC_WARN_UNINITIALIZED_AUTOS = YES_AGGRESSIVE;
				GCC_WARN_UNUSED_FUNCTION = YES;
				GCC_WARN_UNUSED_VARIABLE = YES;
				IPHONEOS_DEPLOYMENT_TARGET = 15.4;
				MTL_ENABLE_DEBUG_INFO = NO;
				MTL_FAST_MATH = YES;
				SDKROOT = iphoneos;
				SWIFT_COMPILATION_MODE = wholemodule;
				SWIFT_OPTIMIZATION_LEVEL = "-O";
				VALIDATE_PRODUCT = YES;
			};
			name = Release;
		};
		235C894127F468180081CA52 /* Debug */ = {
			isa = XCBuildConfiguration;
			buildSettings = {
				ASSETCATALOG_COMPILER_APPICON_NAME = AppIcon;
				ASSETCATALOG_COMPILER_GLOBAL_ACCENT_COLOR_NAME = AccentColor;
				CODE_SIGN_STYLE = Automatic;
				CURRENT_PROJECT_VERSION = 1;
				DEVELOPMENT_ASSET_PATHS = "\"Jurassic Dodge/Preview Content\"";
				DEVELOPMENT_TEAM = ZG6YUNQKKA;
				ENABLE_PREVIEWS = YES;
				GENERATE_INFOPLIST_FILE = YES;
				INFOPLIST_FILE = "Jurassic-Dodge-Info.plist";
				INFOPLIST_KEY_UIApplicationSceneManifest_Generation = YES;
				INFOPLIST_KEY_UIApplicationSupportsIndirectInputEvents = YES;
				INFOPLIST_KEY_UILaunchScreen_Generation = YES;
				INFOPLIST_KEY_UIStatusBarHidden = NO;
				INFOPLIST_KEY_UISupportedInterfaceOrientations = "UIInterfaceOrientationLandscapeRight UIInterfaceOrientationLandscapeLeft";
				INFOPLIST_KEY_UISupportedInterfaceOrientations_iPhone = "UIInterfaceOrientationLandscapeLeft UIInterfaceOrientationLandscapeRight";
				IPHONEOS_DEPLOYMENT_TARGET = 15.2;
				LD_RUNPATH_SEARCH_PATHS = (
					"$(inherited)",
					"@executable_path/Frameworks",
				);
				MARKETING_VERSION = 1.0;
				PRODUCT_BUNDLE_IDENTIFIER = "GiuseppeFalso.Jurassic-Dodge-Game";
				PRODUCT_NAME = "$(TARGET_NAME)";
				SWIFT_EMIT_LOC_STRINGS = YES;
				SWIFT_VERSION = 5.0;
				TARGETED_DEVICE_FAMILY = 1;
			};
			name = Debug;
		};
		235C894227F468180081CA52 /* Release */ = {
			isa = XCBuildConfiguration;
			buildSettings = {
				ASSETCATALOG_COMPILER_APPICON_NAME = AppIcon;
				ASSETCATALOG_COMPILER_GLOBAL_ACCENT_COLOR_NAME = AccentColor;
				CODE_SIGN_STYLE = Automatic;
				CURRENT_PROJECT_VERSION = 1;
				DEVELOPMENT_ASSET_PATHS = "\"Jurassic Dodge/Preview Content\"";
				DEVELOPMENT_TEAM = ZG6YUNQKKA;
				ENABLE_PREVIEWS = YES;
				GENERATE_INFOPLIST_FILE = YES;
				INFOPLIST_FILE = "Jurassic-Dodge-Info.plist";
				INFOPLIST_KEY_UIApplicationSceneManifest_Generation = YES;
				INFOPLIST_KEY_UIApplicationSupportsIndirectInputEvents = YES;
				INFOPLIST_KEY_UILaunchScreen_Generation = YES;
				INFOPLIST_KEY_UIStatusBarHidden = NO;
				INFOPLIST_KEY_UISupportedInterfaceOrientations = "UIInterfaceOrientationLandscapeRight UIInterfaceOrientationLandscapeLeft";
				INFOPLIST_KEY_UISupportedInterfaceOrientations_iPhone = "UIInterfaceOrientationLandscapeLeft UIInterfaceOrientationLandscapeRight";
				IPHONEOS_DEPLOYMENT_TARGET = 15.2;
				LD_RUNPATH_SEARCH_PATHS = (
					"$(inherited)",
					"@executable_path/Frameworks",
				);
				MARKETING_VERSION = 1.0;
				PRODUCT_BUNDLE_IDENTIFIER = "GiuseppeFalso.Jurassic-Dodge-Game";
				PRODUCT_NAME = "$(TARGET_NAME)";
				SWIFT_EMIT_LOC_STRINGS = YES;
				SWIFT_VERSION = 5.0;
				TARGETED_DEVICE_FAMILY = 1;
			};
			name = Release;
		};
/* End XCBuildConfiguration section */

/* Begin XCConfigurationList section */
		235C892D27F468160081CA52 /* Build configuration list for PBXProject "Jurassic Dodge" */ = {
			isa = XCConfigurationList;
			buildConfigurations = (
				235C893E27F468180081CA52 /* Debug */,
				235C893F27F468180081CA52 /* Release */,
			);
			defaultConfigurationIsVisible = 0;
			defaultConfigurationName = Release;
		};
		235C894027F468180081CA52 /* Build configuration list for PBXNativeTarget "Jurassic Dodge" */ = {
			isa = XCConfigurationList;
			buildConfigurations = (
				235C894127F468180081CA52 /* Debug */,
				235C894227F468180081CA52 /* Release */,
			);
			defaultConfigurationIsVisible = 0;
			defaultConfigurationName = Release;
		};
/* End XCConfigurationList section */
	};
	rootObject = 235C892A27F468160081CA52 /* Project object */;
}
